
Microsoft Visual Studio Solution File, Format Version 12.00
# Visual Studio Version 17
VisualStudioVersion = 17.14.36109.1 d17.14
MinimumVisualStudioVersion = 10.0.40219.1
Project("{FAE04EC0-301F-11D3-BF4B-00C04F79EFBC}") = "SpaCitas_del_este", "SpaCitas_del_este\SpaCitas_del_este.csproj", "{9D64EA2D-BF8F-441A-AB57-7938E7D2C5C7}"
EndProject
Global
	GlobalSection(SolutionConfigurationPlatforms) = preSolution
		Debug|Any CPU = Debug|Any CPU
		Release|Any CPU = Release|Any CPU
	EndGlobalSection
	GlobalSection(ProjectConfigurationPlatforms) = postSolution
		{9D64EA2D-BF8F-441A-AB57-7938E7D2C5C7}.Debug|Any CPU.ActiveCfg = Debug|Any CPU
		{9D64EA2D-BF8F-441A-AB57-7938E7D2C5C7}.Debug|Any CPU.Build.0 = Debug|Any CPU
		{9D64EA2D-BF8F-441A-AB57-7938E7D2C5C7}.Release|Any CPU.ActiveCfg = Release|Any CPU
		{9D64EA2D-BF8F-441A-AB57-7938E7D2C5C7}.Release|Any CPU.Build.0 = Release|Any CPU
	EndGlobalSection
	GlobalSection(SolutionProperties) = preSolution
		HideSolutionNode = FALSE
	EndGlobalSection
	GlobalSection(ExtensibilityGlobals) = postSolution
		SolutionGuid = {9E36C98A-9F24-423D-A218-9700ED584A05}
	EndGlobalSection
EndGlobal
